
Microsoft Visual Studio Solution File, Format Version 12.00
Project("{FAE04EC0-301F-11D3-BF4B-00C04F79EFBC}") = "VIN_LIB", "VIN_LIB\VIN_LIB.csproj", "{D285D0C9-62D2-4766-9F93-8C8CEABB5FD5}"
EndProject
Project("{FAE04EC0-301F-11D3-BF4B-00C04F79EFBC}") = "VinLibUnitTest", "VinLibUnitTest\VinLibUnitTest.csproj", "{05D16D39-7666-425D-87AD-8138E3B7CEAA}"
EndProject
Global
	GlobalSection(SolutionConfigurationPlatforms) = preSolution
		Debug|Any CPU = Debug|Any CPU
		Release|Any CPU = Release|Any CPU
	EndGlobalSection
	GlobalSection(ProjectConfigurationPlatforms) = postSolution
		{D285D0C9-62D2-4766-9F93-8C8CEABB5FD5}.Debug|Any CPU.ActiveCfg = Debug|Any CPU
		{D285D0C9-62D2-4766-9F93-8C8CEABB5FD5}.Debug|Any CPU.Build.0 = Debug|Any CPU
		{D285D0C9-62D2-4766-9F93-8C8CEABB5FD5}.Release|Any CPU.ActiveCfg = Release|Any CPU
		{D285D0C9-62D2-4766-9F93-8C8CEABB5FD5}.Release|Any CPU.Build.0 = Release|Any CPU
		{05D16D39-7666-425D-87AD-8138E3B7CEAA}.Debug|Any CPU.ActiveCfg = Debug|Any CPU
		{05D16D39-7666-425D-87AD-8138E3B7CEAA}.Debug|Any CPU.Build.0 = Debug|Any CPU
		{05D16D39-7666-425D-87AD-8138E3B7CEAA}.Release|Any CPU.ActiveCfg = Release|Any CPU
		{05D16D39-7666-425D-87AD-8138E3B7CEAA}.Release|Any CPU.Build.0 = Release|Any CPU
	EndGlobalSection
EndGlobal
